
Microsoft Visual Studio Solution File, Format Version 12.00
# Visual Studio Version 17
VisualStudioVersion = 17.14.36327.8 d17.14
MinimumVisualStudioVersion = 10.0.40219.1
Project("{FAE04EC0-301F-11D3-BF4B-00C04F79EFBC}") = "TodoMauiApp", "TodoMauiApp\TodoMauiApp.csproj", "{95B8E700-49CF-4267-B959-F58F93E3D7C4}"
EndProject
Global
	GlobalSection(SolutionConfigurationPlatforms) = preSolution
		Debug|Any CPU = Debug|Any CPU
		Release|Any CPU = Release|Any CPU
	EndGlobalSection
	GlobalSection(ProjectConfigurationPlatforms) = postSolution
		{95B8E700-49CF-4267-B959-F58F93E3D7C4}.Debug|Any CPU.ActiveCfg = Debug|Any CPU
		{95B8E700-49CF-4267-B959-F58F93E3D7C4}.Debug|Any CPU.Build.0 = Debug|Any CPU
		{95B8E700-49CF-4267-B959-F58F93E3D7C4}.Release|Any CPU.ActiveCfg = Release|Any CPU
		{95B8E700-49CF-4267-B959-F58F93E3D7C4}.Release|Any CPU.Build.0 = Release|Any CPU
	EndGlobalSection
	GlobalSection(SolutionProperties) = preSolution
		HideSolutionNode = FALSE
	EndGlobalSection
	GlobalSection(ExtensibilityGlobals) = postSolution
		SolutionGuid = {330F86C7-3F07-4004-8EAB-D9B37CC933CB}
	EndGlobalSection
EndGlobal
